
Microsoft Visual Studio Solution File, Format Version 12.00
# Visual Studio Version 17
VisualStudioVersion = 17.2.32616.157
MinimumVisualStudioVersion = 10.0.40219.1
Project("{FAE04EC0-301F-11D3-BF4B-00C04F79EFBC}") = "BinanceInterceptor", "BinanceInterceptor\BinanceInterceptor.csproj", "{A317950D-891E-4679-A36A-C06C31F31873}"
EndProject
Global
	GlobalSection(SolutionConfigurationPlatforms) = preSolution
		Debug|Any CPU = Debug|Any CPU
		Release|Any CPU = Release|Any CPU
	EndGlobalSection
	GlobalSection(ProjectConfigurationPlatforms) = postSolution
		{A317950D-891E-4679-A36A-C06C31F31873}.Debug|Any CPU.ActiveCfg = Debug|Any CPU
		{A317950D-891E-4679-A36A-C06C31F31873}.Debug|Any CPU.Build.0 = Debug|Any CPU
		{A317950D-891E-4679-A36A-C06C31F31873}.Release|Any CPU.ActiveCfg = Release|Any CPU
		{A317950D-891E-4679-A36A-C06C31F31873}.Release|Any CPU.Build.0 = Release|Any CPU
	EndGlobalSection
	GlobalSection(SolutionProperties) = preSolution
		HideSolutionNode = FALSE
	EndGlobalSection
	GlobalSection(ExtensibilityGlobals) = postSolution
		SolutionGuid = {0269EB8E-D3C7-4AAA-A926-DF7D474CAEA0}
	EndGlobalSection
EndGlobal
